
Microsoft Visual Studio Solution File, Format Version 12.00
# Visual Studio Version 17
VisualStudioVersion = 17.5.33530.505
MinimumVisualStudioVersion = 10.0.40219.1
Project("{FAE04EC0-301F-11D3-BF4B-00C04F79EFBC}") = "ControleContatos", "ControleContatos\ControleContatos.csproj", "{EA10D378-7CCF-42EB-AAAD-14FD69938FAA}"
EndProject
Global
	GlobalSection(SolutionConfigurationPlatforms) = preSolution
		Debug|Any CPU = Debug|Any CPU
		Release|Any CPU = Release|Any CPU
	EndGlobalSection
	GlobalSection(ProjectConfigurationPlatforms) = postSolution
		{EA10D378-7CCF-42EB-AAAD-14FD69938FAA}.Debug|Any CPU.ActiveCfg = Debug|Any CPU
		{EA10D378-7CCF-42EB-AAAD-14FD69938FAA}.Debug|Any CPU.Build.0 = Debug|Any CPU
		{EA10D378-7CCF-42EB-AAAD-14FD69938FAA}.Release|Any CPU.ActiveCfg = Release|Any CPU
		{EA10D378-7CCF-42EB-AAAD-14FD69938FAA}.Release|Any CPU.Build.0 = Release|Any CPU
	EndGlobalSection
	GlobalSection(SolutionProperties) = preSolution
		HideSolutionNode = FALSE
	EndGlobalSection
	GlobalSection(ExtensibilityGlobals) = postSolution
		SolutionGuid = {0130B20E-B81B-4D22-9F3B-B7A5330545CC}
	EndGlobalSection
EndGlobal
